// !$*UTF8*$!
{
	archiveVersion = 1;
	classes = {
	};
	objectVersion = 46;
	objects = {

/* Begin PBXBuildFile section */
		4177A8AB1BAF0E130071C9D7 /* Checklist.swift in Sources */ = {isa = PBXBuildFile; fileRef = 4177A8AA1BAF0E130071C9D7 /* Checklist.swift */; settings = {ASSET_TAGS = (); }; };
		41866F631B85FE86007B144A /* ChecklistItem.swift in Sources */ = {isa = PBXBuildFile; fileRef = 41866F621B85FE86007B144A /* ChecklistItem.swift */; };
		41866F651B86313F007B144A /* ItemDetailViewController.swift in Sources */ = {isa = PBXBuildFile; fileRef = 41866F641B86313F007B144A /* ItemDetailViewController.swift */; };
		4189D5F61B82555A003FAB2F /* AppDelegate.swift in Sources */ = {isa = PBXBuildFile; fileRef = 4189D5F51B82555A003FAB2F /* AppDelegate.swift */; };
		4189D5F81B82555A003FAB2F /* ChecklistViewController.swift in Sources */ = {isa = PBXBuildFile; fileRef = 4189D5F71B82555A003FAB2F /* ChecklistViewController.swift */; };
		4189D5FB1B82555A003FAB2F /* Main.storyboard in Resources */ = {isa = PBXBuildFile; fileRef = 4189D5F91B82555A003FAB2F /* Main.storyboard */; };
		4189D5FD1B82555A003FAB2F /* Images.xcassets in Resources */ = {isa = PBXBuildFile; fileRef = 4189D5FC1B82555A003FAB2F /* Images.xcassets */; };
		4189D6001B82555A003FAB2F /* LaunchScreen.xib in Resources */ = {isa = PBXBuildFile; fileRef = 4189D5FE1B82555A003FAB2F /* LaunchScreen.xib */; };
		4189D60C1B82555A003FAB2F /* ChecklistsTests.swift in Sources */ = {isa = PBXBuildFile; fileRef = 4189D60B1B82555A003FAB2F /* ChecklistsTests.swift */; };
		419076E61BB082C7004AB3F2 /* ListDetailViewController.swift in Sources */ = {isa = PBXBuildFile; fileRef = 419076E51BB082C7004AB3F2 /* ListDetailViewController.swift */; settings = {ASSET_TAGS = (); }; };
		41974EE21BC58E2200FAAD56 /* DataModel.swift in Sources */ = {isa = PBXBuildFile; fileRef = 41974EE11BC58E2200FAAD56 /* DataModel.swift */; settings = {ASSET_TAGS = (); }; };
		41C3C5751BADEB8E00D8535B /* AllListsViewController.swift in Sources */ = {isa = PBXBuildFile; fileRef = 41C3C5741BADEB8E00D8535B /* AllListsViewController.swift */; settings = {ASSET_TAGS = (); }; };
/* End PBXBuildFile section */

/* Begin PBXContainerItemProxy section */
		4189D6061B82555A003FAB2F /* PBXContainerItemProxy */ = {
			isa = PBXContainerItemProxy;
			containerPortal = 4189D5E81B82555A003FAB2F /* Project object */;
			proxyType = 1;
			remoteGlobalIDString = 4189D5EF1B82555A003FAB2F;
			remoteInfo = Checklists;
		};
/* End PBXContainerItemProxy section */

/* Begin PBXFileReference section */
		4177A8AA1BAF0E130071C9D7 /* Checklist.swift */ = {isa = PBXFileReference; fileEncoding = 4; lastKnownFileType = sourcecode.swift; path = Checklist.swift; sourceTree = "<group>"; };
		41866F621B85FE86007B144A /* ChecklistItem.swift */ = {isa = PBXFileReference; fileEncoding = 4; lastKnownFileType = sourcecode.swift; path = ChecklistItem.swift; sourceTree = "<group>"; };
		41866F641B86313F007B144A /* ItemDetailViewController.swift */ = {isa = PBXFileReference; fileEncoding = 4; lastKnownFileType = sourcecode.swift; lineEnding = 0; path = ItemDetailViewController.swift; sourceTree = "<group>"; xcLanguageSpecificationIdentifier = xcode.lang.swift; };
		4189D5F01B82555A003FAB2F /* Checklists.app */ = {isa = PBXFileReference; explicitFileType = wrapper.application; includeInIndex = 0; path = Checklists.app; sourceTree = BUILT_PRODUCTS_DIR; };
		4189D5F41B82555A003FAB2F /* Info.plist */ = {isa = PBXFileReference; lastKnownFileType = text.plist.xml; path = Info.plist; sourceTree = "<group>"; };
		4189D5F51B82555A003FAB2F /* AppDelegate.swift */ = {isa = PBXFileReference; lastKnownFileType = sourcecode.swift; path = AppDelegate.swift; sourceTree = "<group>"; };
		4189D5F71B82555A003FAB2F /* ChecklistViewController.swift */ = {isa = PBXFileReference; lastKnownFileType = sourcecode.swift; lineEnding = 0; path = ChecklistViewController.swift; sourceTree = "<group>"; xcLanguageSpecificationIdentifier = xcode.lang.swift; };
		4189D5FA1B82555A003FAB2F /* Base */ = {isa = PBXFileReference; lastKnownFileType = file.storyboard; name = Base; path = Base.lproj/Main.storyboard; sourceTree = "<group>"; };
		4189D5FC1B82555A003FAB2F /* Images.xcassets */ = {isa = PBXFileReference; lastKnownFileType = folder.assetcatalog; path = Images.xcassets; sourceTree = "<group>"; };
		4189D5FF1B82555A003FAB2F /* Base */ = {isa = PBXFileReference; lastKnownFileType = file.xib; name = Base; path = Base.lproj/LaunchScreen.xib; sourceTree = "<group>"; };
		4189D6051B82555A003FAB2F /* ChecklistsTests.xctest */ = {isa = PBXFileReference; explicitFileType = wrapper.cfbundle; includeInIndex = 0; path = ChecklistsTests.xctest; sourceTree = BUILT_PRODUCTS_DIR; };
		4189D60A1B82555A003FAB2F /* Info.plist */ = {isa = PBXFileReference; lastKnownFileType = text.plist.xml; path = Info.plist; sourceTree = "<group>"; };
		4189D60B1B82555A003FAB2F /* ChecklistsTests.swift */ = {isa = PBXFileReference; lastKnownFileType = sourcecode.swift; path = ChecklistsTests.swift; sourceTree = "<group>"; };
		419076E51BB082C7004AB3F2 /* ListDetailViewController.swift */ = {isa = PBXFileReference; fileEncoding = 4; lastKnownFileType = sourcecode.swift; path = ListDetailViewController.swift; sourceTree = "<group>"; };
		41974EE11BC58E2200FAAD56 /* DataModel.swift */ = {isa = PBXFileReference; fileEncoding = 4; lastKnownFileType = sourcecode.swift; path = DataModel.swift; sourceTree = "<group>"; };
		41C3C5741BADEB8E00D8535B /* AllListsViewController.swift */ = {isa = PBXFileReference; fileEncoding = 4; lastKnownFileType = sourcecode.swift; path = AllListsViewController.swift; sourceTree = "<group>"; };
/* End PBXFileReference section */

/* Begin PBXFrameworksBuildPhase section */
		4189D5ED1B82555A003FAB2F /* Frameworks */ = {
			isa = PBXFrameworksBuildPhase;
			buildActionMask = 2147483647;
			files = (
			);
			runOnlyForDeploymentPostprocessing = 0;
		};
		4189D6021B82555A003FAB2F /* Frameworks */ = {
			isa = PBXFrameworksBuildPhase;
			buildActionMask = 2147483647;
			files = (
			);
			runOnlyForDeploymentPostprocessing = 0;
		};
/* End PBXFrameworksBuildPhase section */

/* Begin PBXGroup section */
		4189D5E71B82555A003FAB2F = {
			isa = PBXGroup;
			children = (
				4189D5F21B82555A003FAB2F /* Checklists */,
				4189D6081B82555A003FAB2F /* ChecklistsTests */,
				4189D5F11B82555A003FAB2F /* Products */,
			);
			sourceTree = "<group>";
		};
		4189D5F11B82555A003FAB2F /* Products */ = {
			isa = PBXGroup;
			children = (
				4189D5F01B82555A003FAB2F /* Checklists.app */,
				4189D6051B82555A003FAB2F /* ChecklistsTests.xctest */,
			);
			name = Products;
			sourceTree = "<group>";
		};
		4189D5F21B82555A003FAB2F /* Checklists */ = {
			isa = PBXGroup;
			children = (
				4189D5F51B82555A003FAB2F /* AppDelegate.swift */,
				4189D5F71B82555A003FAB2F /* ChecklistViewController.swift */,
				4189D5F91B82555A003FAB2F /* Main.storyboard */,
				4189D5FC1B82555A003FAB2F /* Images.xcassets */,
				4189D5FE1B82555A003FAB2F /* LaunchScreen.xib */,
				4189D5F31B82555A003FAB2F /* Supporting Files */,
				41866F621B85FE86007B144A /* ChecklistItem.swift */,
				41866F641B86313F007B144A /* ItemDetailViewController.swift */,
				41C3C5741BADEB8E00D8535B /* AllListsViewController.swift */,
				4177A8AA1BAF0E130071C9D7 /* Checklist.swift */,
				419076E51BB082C7004AB3F2 /* ListDetailViewController.swift */,
				41974EE11BC58E2200FAAD56 /* DataModel.swift */,
			);
			path = Checklists;
			sourceTree = "<group>";
		};
		4189D5F31B82555A003FAB2F /* Supporting Files */ = {
			isa = PBXGroup;
			children = (
				4189D5F41B82555A003FAB2F /* Info.plist */,
			);
			name = "Supporting Files";
			sourceTree = "<group>";
		};
		4189D6081B82555A003FAB2F /* ChecklistsTests */ = {
			isa = PBXGroup;
			children = (
				4189D60B1B82555A003FAB2F /* ChecklistsTests.swift */,
				4189D6091B82555A003FAB2F /* Supporting Files */,
			);
			path = ChecklistsTests;
			sourceTree = "<group>";
		};
		4189D6091B82555A003FAB2F /* Supporting Files */ = {
			isa = PBXGroup;
			children = (
				4189D60A1B82555A003FAB2F /* Info.plist */,
			);
			name = "Supporting Files";
			sourceTree = "<group>";
		};
/* End PBXGroup section */

/* Begin PBXNativeTarget section */
		4189D5EF1B82555A003FAB2F /* Checklists */ = {
			isa = PBXNativeTarget;
			buildConfigurationList = 4189D60F1B82555A003FAB2F /* Build configuration list for PBXNativeTarget "Checklists" */;
			buildPhases = (
				4189D5EC1B82555A003FAB2F /* Sources */,
				4189D5ED1B82555A003FAB2F /* Frameworks */,
				4189D5EE1B82555A003FAB2F /* Resources */,
			);
			buildRules = (
			);
			dependencies = (
			);
			name = Checklists;
			productName = Checklists;
			productReference = 4189D5F01B82555A003FAB2F /* Checklists.app */;
			productType = "com.apple.product-type.application";
		};
		4189D6041B82555A003FAB2F /* ChecklistsTests */ = {
			isa = PBXNativeTarget;
			buildConfigurationList = 4189D6121B82555A003FAB2F /* Build configuration list for PBXNativeTarget "ChecklistsTests" */;
			buildPhases = (
				4189D6011B82555A003FAB2F /* Sources */,
				4189D6021B82555A003FAB2F /* Frameworks */,
				4189D6031B82555A003FAB2F /* Resources */,
			);
			buildRules = (
			);
			dependencies = (
				4189D6071B82555A003FAB2F /* PBXTargetDependency */,
			);
			name = ChecklistsTests;
			productName = ChecklistsTests;
			productReference = 4189D6051B82555A003FAB2F /* ChecklistsTests.xctest */;
			productType = "com.apple.product-type.bundle.unit-test";
		};
/* End PBXNativeTarget section */

/* Begin PBXProject section */
		4189D5E81B82555A003FAB2F /* Project object */ = {
			isa = PBXProject;
			attributes = {
				LastSwiftMigration = 0700;
				LastSwiftUpdateCheck = 0700;
				LastUpgradeCheck = 0700;
				ORGANIZATIONNAME = "Dom Shahbazi";
				TargetAttributes = {
					4189D5EF1B82555A003FAB2F = {
						CreatedOnToolsVersion = 6.4;
					};
					4189D6041B82555A003FAB2F = {
						CreatedOnToolsVersion = 6.4;
						TestTargetID = 4189D5EF1B82555A003FAB2F;
					};
				};
			};
			buildConfigurationList = 4189D5EB1B82555A003FAB2F /* Build configuration list for PBXProject "Checklists" */;
			compatibilityVersion = "Xcode 3.2";
			developmentRegion = English;
			hasScannedForEncodings = 0;
			knownRegions = (
				en,
				Base,
			);
			mainGroup = 4189D5E71B82555A003FAB2F;
			productRefGroup = 4189D5F11B82555A003FAB2F /* Products */;
			projectDirPath = "";
			projectRoot = "";
			targets = (
				4189D5EF1B82555A003FAB2F /* Checklists */,
				4189D6041B82555A003FAB2F /* ChecklistsTests */,
			);
		};
/* End PBXProject section */

/* Begin PBXResourcesBuildPhase section */
		4189D5EE1B82555A003FAB2F /* Resources */ = {
			isa = PBXResourcesBuildPhase;
			buildActionMask = 2147483647;
			files = (
				4189D5FB1B82555A003FAB2F /* Main.storyboard in Resources */,
				4189D6001B82555A003FAB2F /* LaunchScreen.xib in Resources */,
				4189D5FD1B82555A003FAB2F /* Images.xcassets in Resources */,
			);
			runOnlyForDeploymentPostprocessing = 0;
		};
		4189D6031B82555A003FAB2F /* Resources */ = {
			isa = PBXResourcesBuildPhase;
			buildActionMask = 2147483647;
			files = (
			);
			runOnlyForDeploymentPostprocessing = 0;
		};
/* End PBXResourcesBuildPhase section */

/* Begin PBXSourcesBuildPhase section */
		4189D5EC1B82555A003FAB2F /* Sources */ = {
			isa = PBXSourcesBuildPhase;
			buildActionMask = 2147483647;
			files = (
				4189D5F81B82555A003FAB2F /* ChecklistViewController.swift in Sources */,
				419076E61BB082C7004AB3F2 /* ListDetailViewController.swift in Sources */,
				41866F651B86313F007B144A /* ItemDetailViewController.swift in Sources */,
				4177A8AB1BAF0E130071C9D7 /* Checklist.swift in Sources */,
				41866F631B85FE86007B144A /* ChecklistItem.swift in Sources */,
				41974EE21BC58E2200FAAD56 /* DataModel.swift in Sources */,
				41C3C5751BADEB8E00D8535B /* AllListsViewController.swift in Sources */,
				4189D5F61B82555A003FAB2F /* AppDelegate.swift in Sources */,
			);
			runOnlyForDeploymentPostprocessing = 0;
		};
		4189D6011B82555A003FAB2F /* Sources */ = {
			isa = PBXSourcesBuildPhase;
			buildActionMask = 2147483647;
			files = (
				4189D60C1B82555A003FAB2F /* ChecklistsTests.swift in Sources */,
			);
			runOnlyForDeploymentPostprocessing = 0;
		};
/* End PBXSourcesBuildPhase section */

/* Begin PBXTargetDependency section */
		4189D6071B82555A003FAB2F /* PBXTargetDependency */ = {
			isa = PBXTargetDependency;
			target = 4189D5EF1B82555A003FAB2F /* Checklists */;
			targetProxy = 4189D6061B82555A003FAB2F /* PBXContainerItemProxy */;
		};
/* End PBXTargetDependency section */

/* Begin PBXVariantGroup section */
		4189D5F91B82555A003FAB2F /* Main.storyboard */ = {
			isa = PBXVariantGroup;
			children = (
				4189D5FA1B82555A003FAB2F /* Base */,
			);
			name = Main.storyboard;
			sourceTree = "<group>";
		};
		4189D5FE1B82555A003FAB2F /* LaunchScreen.xib */ = {
			isa = PBXVariantGroup;
			children = (
				4189D5FF1B82555A003FAB2F /* Base */,
			);
			name = LaunchScreen.xib;
			sourceTree = "<group>";
		};
/* End PBXVariantGroup section */

/* Begin XCBuildConfiguration section */
		4189D60D1B82555A003FAB2F /* Debug */ = {
			isa = XCBuildConfiguration;
			buildSettings = {
				ALWAYS_SEARCH_USER_PATHS = NO;
				CLANG_CXX_LANGUAGE_STANDARD = "gnu++0x";
				CLANG_CXX_LIBRARY = "libc++";
				CLANG_ENABLE_MODULES = YES;
				CLANG_ENABLE_OBJC_ARC = YES;
				CLANG_WARN_BOOL_CONVERSION = YES;
				CLANG_WARN_CONSTANT_CONVERSION = YES;
				CLANG_WARN_DIRECT_OBJC_ISA_USAGE = YES_ERROR;
				CLANG_WARN_EMPTY_BODY = YES;
				CLANG_WARN_ENUM_CONVERSION = YES;
				CLANG_WARN_INT_CONVERSION = YES;
				CLANG_WARN_OBJC_ROOT_CLASS = YES_ERROR;
				CLANG_WARN_UNREACHABLE_CODE = YES;
				CLANG_WARN__DUPLICATE_METHOD_MATCH = YES;
				"CODE_SIGN_IDENTITY[sdk=iphoneos*]" = "iPhone Developer";
				COPY_PHASE_STRIP = NO;
				DEBUG_INFORMATION_FORMAT = "dwarf-with-dsym";
				ENABLE_STRICT_OBJC_MSGSEND = YES;
				ENABLE_TESTABILITY = YES;
				GCC_C_LANGUAGE_STANDARD = gnu99;
				GCC_DYNAMIC_NO_PIC = NO;
				GCC_NO_COMMON_BLOCKS = YES;
				GCC_OPTIMIZATION_LEVEL = 0;
				GCC_PREPROCESSOR_DEFINITIONS = (
					"DEBUG=1",
					"$(inherited)",
				);
				GCC_SYMBOLS_PRIVATE_EXTERN = NO;
				GCC_WARN_64_TO_32_BIT_CONVERSION = YES;
				GCC_WARN_ABOUT_RETURN_TYPE = YES_ERROR;
				GCC_WARN_UNDECLARED_SELECTOR = YES;
				GCC_WARN_UNINITIALIZED_AUTOS = YES_AGGRESSIVE;
				GCC_WARN_UNUSED_FUNCTION = YES;
				GCC_WARN_UNUSED_VARIABLE = YES;
				IPHONEOS_DEPLOYMENT_TARGET = 8.4;
				MTL_ENABLE_DEBUG_INFO = YES;
				ONLY_ACTIVE_ARCH = YES;
				SDKROOT = iphoneos;
				SWIFT_OPTIMIZATION_LEVEL = "-Onone";
			};
			name = Debug;
		};
		4189D60E1B82555A003FAB2F /* Release */ = {
			isa = XCBuildConfiguration;
			buildSettings = {
				ALWAYS_SEARCH_USER_PATHS = NO;
				CLANG_CXX_LANGUAGE_STANDARD = "gnu++0x";
				CLANG_CXX_LIBRARY = "libc++";
				CLANG_ENABLE_MODULES = YES;
				CLANG_ENABLE_OBJC_ARC = YES;
				CLANG_WARN_BOOL_CONVERSION = YES;
				CLANG_WARN_CONSTANT_CONVERSION = YES;
				CLANG_WARN_DIRECT_OBJC_ISA_USAGE = YES_ERROR;
				CLANG_WARN_EMPTY_BODY = YES;
				CLANG_WARN_ENUM_CONVERSION = YES;
				CLANG_WARN_INT_CONVERSION = YES;
				CLANG_WARN_OBJC_ROOT_CLASS = YES_ERROR;
				CLANG_WARN_UNREACHABLE_CODE = YES;
				CLANG_WARN__DUPLICATE_METHOD_MATCH = YES;
				"CODE_SIGN_IDENTITY[sdk=iphoneos*]" = "iPhone Developer";
				COPY_PHASE_STRIP = NO;
				DEBUG_INFORMATION_FORMAT = "dwarf-with-dsym";
				ENABLE_NS_ASSERTIONS = NO;
				ENABLE_STRICT_OBJC_MSGSEND = YES;
				GCC_C_LANGUAGE_STANDARD = gnu99;
				GCC_NO_COMMON_BLOCKS = YES;
				GCC_WARN_64_TO_32_BIT_CONVERSION = YES;
				GCC_WARN_ABOUT_RETURN_TYPE = YES_ERROR;
				GCC_WARN_UNDECLARED_SELECTOR = YES;
				GCC_WARN_UNINITIALIZED_AUTOS = YES_AGGRESSIVE;
				GCC_WARN_UNUSED_FUNCTION = YES;
				GCC_WARN_UNUSED_VARIABLE = YES;
				IPHONEOS_DEPLOYMENT_TARGET = 8.4;
				MTL_ENABLE_DEBUG_INFO = NO;
				SDKROOT = iphoneos;
				VALIDATE_PRODUCT = YES;
			};
			name = Release;
		};
		4189D6101B82555A003FAB2F /* Debug */ = {
			isa = XCBuildConfiguration;
			buildSettings = {
				ASSETCATALOG_COMPILER_APPICON_NAME = AppIcon;
				INFOPLIST_FILE = Checklists/Info.plist;
				LD_RUNPATH_SEARCH_PATHS = "$(inherited) @executable_path/Frameworks";
				PRODUCT_BUNDLE_IDENTIFIER = "com.example.$(PRODUCT_NAME:rfc1034identifier)";
				PRODUCT_NAME = "$(TARGET_NAME)";
			};
			name = Debug;
		};
		4189D6111B82555A003FAB2F /* Release */ = {
			isa = XCBuildConfiguration;
			buildSettings = {
				ASSETCATALOG_COMPILER_APPICON_NAME = AppIcon;
				INFOPLIST_FILE = Checklists/Info.plist;
				LD_RUNPATH_SEARCH_PATHS = "$(inherited) @executable_path/Frameworks";
				PRODUCT_BUNDLE_IDENTIFIER = "com.example.$(PRODUCT_NAME:rfc1034identifier)";
				PRODUCT_NAME = "$(TARGET_NAME)";
			};
			name = Release;
		};
		4189D6131B82555A003FAB2F /* Debug */ = {
			isa = XCBuildConfiguration;
			buildSettings = {
				BUNDLE_LOADER = "$(TEST_HOST)";
				FRAMEWORK_SEARCH_PATHS = (
					"$(SDKROOT)/Developer/Library/Frameworks",
					"$(inherited)",
				);
				GCC_PREPROCESSOR_DEFINITIONS = (
					"DEBUG=1",
					"$(inherited)",
				);
				INFOPLIST_FILE = ChecklistsTests/Info.plist;
				LD_RUNPATH_SEARCH_PATHS = "$(inherited) @executable_path/Frameworks @loader_path/Frameworks";
				PRODUCT_BUNDLE_IDENTIFIER = "com.example.$(PRODUCT_NAME:rfc1034identifier)";
				PRODUCT_NAME = "$(TARGET_NAME)";
				TEST_HOST = "$(BUILT_PRODUCTS_DIR)/Checklists.app/Checklists";
			};
			name = Debug;
		};
		4189D6141B82555A003FAB2F /* Release */ = {
			isa = XCBuildConfiguration;
			buildSettings = {
				BUNDLE_LOADER = "$(TEST_HOST)";
				FRAMEWORK_SEARCH_PATHS = (
					"$(SDKROOT)/Developer/Library/Frameworks",
					"$(inherited)",
				);
				INFOPLIST_FILE = ChecklistsTests/Info.plist;
				LD_RUNPATH_SEARCH_PATHS = "$(inherited) @executable_path/Frameworks @loader_path/Frameworks";
				PRODUCT_BUNDLE_IDENTIFIER = "com.example.$(PRODUCT_NAME:rfc1034identifier)";
				PRODUCT_NAME = "$(TARGET_NAME)";
				TEST_HOST = "$(BUILT_PRODUCTS_DIR)/Checklists.app/Checklists";
			};
			name = Release;
		};
/* End XCBuildConfiguration section */

/* Begin XCConfigurationList section */
		4189D5EB1B82555A003FAB2F /* Build configuration list for PBXProject "Checklists" */ = {
			isa = XCConfigurationList;
			buildConfigurations = (
				4189D60D1B82555A003FAB2F /* Debug */,
				4189D60E1B82555A003FAB2F /* Release */,
			);
			defaultConfigurationIsVisible = 0;
			defaultConfigurationName = Release;
		};
		4189D60F1B82555A003FAB2F /* Build configuration list for PBXNativeTarget "Checklists" */ = {
			isa = XCConfigurationList;
			buildConfigurations = (
				4189D6101B82555A003FAB2F /* Debug */,
				4189D6111B82555A003FAB2F /* Release */,
			);
			defaultConfigurationIsVisible = 0;
			defaultConfigurationName = Release;
		};
		4189D6121B82555A003FAB2F /* Build configuration list for PBXNativeTarget "ChecklistsTests" */ = {
			isa = XCConfigurationList;
			buildConfigurations = (
				4189D6131B82555A003FAB2F /* Debug */,
				4189D6141B82555A003FAB2F /* Release */,
			);
			defaultConfigurationIsVisible = 0;
			defaultConfigurationName = Release;
		};
/* End XCConfigurationList section */
	};
	rootObject = 4189D5E81B82555A003FAB2F /* Project object */;
}
